// !$*UTF8*$!
{
	archiveVersion = 1;
	classes = {
	};
	objectVersion = 55;
	objects = {

/* Begin PBXBuildFile section */
		B094A3E928C0B58B007A4F0F /* _4_SwipeCardApp.swift in Sources */ = {isa = PBXBuildFile; fileRef = B094A3E828C0B58B007A4F0F /* _4_SwipeCardApp.swift */; };
		B094A3EB28C0B58B007A4F0F /* ContentView.swift in Sources */ = {isa = PBXBuildFile; fileRef = B094A3EA28C0B58B007A4F0F /* ContentView.swift */; };
		B094A3ED28C0B58D007A4F0F /* Assets.xcassets in Resources */ = {isa = PBXBuildFile; fileRef = B094A3EC28C0B58D007A4F0F /* Assets.xcassets */; };
		B094A3F028C0B58D007A4F0F /* Preview Assets.xcassets in Resources */ = {isa = PBXBuildFile; fileRef = B094A3EF28C0B58D007A4F0F /* Preview Assets.xcassets */; };
		B094A3FA28C0B58D007A4F0F /* _4_SwipeCardTests.swift in Sources */ = {isa = PBXBuildFile; fileRef = B094A3F928C0B58D007A4F0F /* _4_SwipeCardTests.swift */; };
		B094A40428C0B58D007A4F0F /* _4_SwipeCardUITests.swift in Sources */ = {isa = PBXBuildFile; fileRef = B094A40328C0B58D007A4F0F /* _4_SwipeCardUITests.swift */; };
		B094A40628C0B58D007A4F0F /* _4_SwipeCardUITestsLaunchTests.swift in Sources */ = {isa = PBXBuildFile; fileRef = B094A40528C0B58D007A4F0F /* _4_SwipeCardUITestsLaunchTests.swift */; };
/* End PBXBuildFile section */

/* Begin PBXContainerItemProxy section */
		B094A3F628C0B58D007A4F0F /* PBXContainerItemProxy */ = {
			isa = PBXContainerItemProxy;
			containerPortal = B094A3DD28C0B58B007A4F0F /* Project object */;
			proxyType = 1;
			remoteGlobalIDString = B094A3E428C0B58B007A4F0F;
			remoteInfo = 14.SwipeCard;
		};
		B094A40028C0B58D007A4F0F /* PBXContainerItemProxy */ = {
			isa = PBXContainerItemProxy;
			containerPortal = B094A3DD28C0B58B007A4F0F /* Project object */;
			proxyType = 1;
			remoteGlobalIDString = B094A3E428C0B58B007A4F0F;
			remoteInfo = 14.SwipeCard;
		};
/* End PBXContainerItemProxy section */

/* Begin PBXFileReference section */
		B094A3E528C0B58B007A4F0F /* 14.SwipeCard.app */ = {isa = PBXFileReference; explicitFileType = wrapper.application; includeInIndex = 0; path = 14.SwipeCard.app; sourceTree = BUILT_PRODUCTS_DIR; };
		B094A3E828C0B58B007A4F0F /* _4_SwipeCardApp.swift */ = {isa = PBXFileReference; lastKnownFileType = sourcecode.swift; path = _4_SwipeCardApp.swift; sourceTree = "<group>"; };
		B094A3EA28C0B58B007A4F0F /* ContentView.swift */ = {isa = PBXFileReference; lastKnownFileType = sourcecode.swift; path = ContentView.swift; sourceTree = "<group>"; };
		B094A3EC28C0B58D007A4F0F /* Assets.xcassets */ = {isa = PBXFileReference; lastKnownFileType = folder.assetcatalog; path = Assets.xcassets; sourceTree = "<group>"; };
		B094A3EF28C0B58D007A4F0F /* Preview Assets.xcassets */ = {isa = PBXFileReference; lastKnownFileType = folder.assetcatalog; path = "Preview Assets.xcassets"; sourceTree = "<group>"; };
		B094A3F528C0B58D007A4F0F /* 14.SwipeCardTests.xctest */ = {isa = PBXFileReference; explicitFileType = wrapper.cfbundle; includeInIndex = 0; path = 14.SwipeCardTests.xctest; sourceTree = BUILT_PRODUCTS_DIR; };
		B094A3F928C0B58D007A4F0F /* _4_SwipeCardTests.swift */ = {isa = PBXFileReference; lastKnownFileType = sourcecode.swift; path = _4_SwipeCardTests.swift; sourceTree = "<group>"; };
		B094A3FF28C0B58D007A4F0F /* 14.SwipeCardUITests.xctest */ = {isa = PBXFileReference; explicitFileType = wrapper.cfbundle; includeInIndex = 0; path = 14.SwipeCardUITests.xctest; sourceTree = BUILT_PRODUCTS_DIR; };
		B094A40328C0B58D007A4F0F /* _4_SwipeCardUITests.swift */ = {isa = PBXFileReference; lastKnownFileType = sourcecode.swift; path = _4_SwipeCardUITests.swift; sourceTree = "<group>"; };
		B094A40528C0B58D007A4F0F /* _4_SwipeCardUITestsLaunchTests.swift */ = {isa = PBXFileReference; lastKnownFileType = sourcecode.swift; path = _4_SwipeCardUITestsLaunchTests.swift; sourceTree = "<group>"; };
/* End PBXFileReference section */

/* Begin PBXFrameworksBuildPhase section */
		B094A3E228C0B58B007A4F0F /* Frameworks */ = {
			isa = PBXFrameworksBuildPhase;
			buildActionMask = 2147483647;
			files = (
			);
			runOnlyForDeploymentPostprocessing = 0;
		};
		B094A3F228C0B58D007A4F0F /* Frameworks */ = {
			isa = PBXFrameworksBuildPhase;
			buildActionMask = 2147483647;
			files = (
			);
			runOnlyForDeploymentPostprocessing = 0;
		};
		B094A3FC28C0B58D007A4F0F /* Frameworks */ = {
			isa = PBXFrameworksBuildPhase;
			buildActionMask = 2147483647;
			files = (
			);
			runOnlyForDeploymentPostprocessing = 0;
		};
/* End PBXFrameworksBuildPhase section */

/* Begin PBXGroup section */
		B094A3DC28C0B58B007A4F0F = {
			isa = PBXGroup;
			children = (
				B094A3E728C0B58B007A4F0F /* 14.SwipeCard */,
				B094A3F828C0B58D007A4F0F /* 14.SwipeCardTests */,
				B094A40228C0B58D007A4F0F /* 14.SwipeCardUITests */,
				B094A3E628C0B58B007A4F0F /* Products */,
			);
			sourceTree = "<group>";
		};
		B094A3E628C0B58B007A4F0F /* Products */ = {
			isa = PBXGroup;
			children = (
				B094A3E528C0B58B007A4F0F /* 14.SwipeCard.app */,
				B094A3F528C0B58D007A4F0F /* 14.SwipeCardTests.xctest */,
				B094A3FF28C0B58D007A4F0F /* 14.SwipeCardUITests.xctest */,
			);
			name = Products;
			sourceTree = "<group>";
		};
		B094A3E728C0B58B007A4F0F /* 14.SwipeCard */ = {
			isa = PBXGroup;
			children = (
				B094A3E828C0B58B007A4F0F /* _4_SwipeCardApp.swift */,
				B094A3EA28C0B58B007A4F0F /* ContentView.swift */,
				B094A3EC28C0B58D007A4F0F /* Assets.xcassets */,
				B094A3EE28C0B58D007A4F0F /* Preview Content */,
			);
			path = 14.SwipeCard;
			sourceTree = "<group>";
		};
		B094A3EE28C0B58D007A4F0F /* Preview Content */ = {
			isa = PBXGroup;
			children = (
				B094A3EF28C0B58D007A4F0F /* Preview Assets.xcassets */,
			);
			path = "Preview Content";
			sourceTree = "<group>";
		};
		B094A3F828C0B58D007A4F0F /* 14.SwipeCardTests */ = {
			isa = PBXGroup;
			children = (
				B094A3F928C0B58D007A4F0F /* _4_SwipeCardTests.swift */,
			);
			path = 14.SwipeCardTests;
			sourceTree = "<group>";
		};
		B094A40228C0B58D007A4F0F /* 14.SwipeCardUITests */ = {
			isa = PBXGroup;
			children = (
				B094A40328C0B58D007A4F0F /* _4_SwipeCardUITests.swift */,
				B094A40528C0B58D007A4F0F /* _4_SwipeCardUITestsLaunchTests.swift */,
			);
			path = 14.SwipeCardUITests;
			sourceTree = "<group>";
		};
/* End PBXGroup section */

/* Begin PBXNativeTarget section */
		B094A3E428C0B58B007A4F0F /* 14.SwipeCard */ = {
			isa = PBXNativeTarget;
			buildConfigurationList = B094A40928C0B58D007A4F0F /* Build configuration list for PBXNativeTarget "14.SwipeCard" */;
			buildPhases = (
				B094A3E128C0B58B007A4F0F /* Sources */,
				B094A3E228C0B58B007A4F0F /* Frameworks */,
				B094A3E328C0B58B007A4F0F /* Resources */,
			);
			buildRules = (
			);
			dependencies = (
			);
			name = 14.SwipeCard;
			productName = 14.SwipeCard;
			productReference = B094A3E528C0B58B007A4F0F /* 14.SwipeCard.app */;
			productType = "com.apple.product-type.application";
		};
		B094A3F428C0B58D007A4F0F /* 14.SwipeCardTests */ = {
			isa = PBXNativeTarget;
			buildConfigurationList = B094A40C28C0B58D007A4F0F /* Build configuration list for PBXNativeTarget "14.SwipeCardTests" */;
			buildPhases = (
				B094A3F128C0B58D007A4F0F /* Sources */,
				B094A3F228C0B58D007A4F0F /* Frameworks */,
				B094A3F328C0B58D007A4F0F /* Resources */,
			);
			buildRules = (
			);
			dependencies = (
				B094A3F728C0B58D007A4F0F /* PBXTargetDependency */,
			);
			name = 14.SwipeCardTests;
			productName = 14.SwipeCardTests;
			productReference = B094A3F528C0B58D007A4F0F /* 14.SwipeCardTests.xctest */;
			productType = "com.apple.product-type.bundle.unit-test";
		};
		B094A3FE28C0B58D007A4F0F /* 14.SwipeCardUITests */ = {
			isa = PBXNativeTarget;
			buildConfigurationList = B094A40F28C0B58D007A4F0F /* Build configuration list for PBXNativeTarget "14.SwipeCardUITests" */;
			buildPhases = (
				B094A3FB28C0B58D007A4F0F /* Sources */,
				B094A3FC28C0B58D007A4F0F /* Frameworks */,
				B094A3FD28C0B58D007A4F0F /* Resources */,
			);
			buildRules = (
			);
			dependencies = (
				B094A40128C0B58D007A4F0F /* PBXTargetDependency */,
			);
			name = 14.SwipeCardUITests;
			productName = 14.SwipeCardUITests;
			productReference = B094A3FF28C0B58D007A4F0F /* 14.SwipeCardUITests.xctest */;
			productType = "com.apple.product-type.bundle.ui-testing";
		};
/* End PBXNativeTarget section */

/* Begin PBXProject section */
		B094A3DD28C0B58B007A4F0F /* Project object */ = {
			isa = PBXProject;
			attributes = {
				BuildIndependentTargetsInParallel = 1;
				LastSwiftUpdateCheck = 1340;
				LastUpgradeCheck = 1340;
				TargetAttributes = {
					B094A3E428C0B58B007A4F0F = {
						CreatedOnToolsVersion = 13.4.1;
					};
					B094A3F428C0B58D007A4F0F = {
						CreatedOnToolsVersion = 13.4.1;
						TestTargetID = B094A3E428C0B58B007A4F0F;
					};
					B094A3FE28C0B58D007A4F0F = {
						CreatedOnToolsVersion = 13.4.1;
						TestTargetID = B094A3E428C0B58B007A4F0F;
					};
				};
			};
			buildConfigurationList = B094A3E028C0B58B007A4F0F /* Build configuration list for PBXProject "14.SwipeCard" */;
			compatibilityVersion = "Xcode 13.0";
			developmentRegion = en;
			hasScannedForEncodings = 0;
			knownRegions = (
				en,
				Base,
			);
			mainGroup = B094A3DC28C0B58B007A4F0F;
			productRefGroup = B094A3E628C0B58B007A4F0F /* Products */;
			projectDirPath = "";
			projectRoot = "";
			targets = (
				B094A3E428C0B58B007A4F0F /* 14.SwipeCard */,
				B094A3F428C0B58D007A4F0F /* 14.SwipeCardTests */,
				B094A3FE28C0B58D007A4F0F /* 14.SwipeCardUITests */,
			);
		};
/* End PBXProject section */

/* Begin PBXResourcesBuildPhase section */
		B094A3E328C0B58B007A4F0F /* Resources */ = {
			isa = PBXResourcesBuildPhase;
			buildActionMask = 2147483647;
			files = (
				B094A3F028C0B58D007A4F0F /* Preview Assets.xcassets in Resources */,
				B094A3ED28C0B58D007A4F0F /* Assets.xcassets in Resources */,
			);
			runOnlyForDeploymentPostprocessing = 0;
		};
		B094A3F328C0B58D007A4F0F /* Resources */ = {
			isa = PBXResourcesBuildPhase;
			buildActionMask = 2147483647;
			files = (
			);
			runOnlyForDeploymentPostprocessing = 0;
		};
		B094A3FD28C0B58D007A4F0F /* Resources */ = {
			isa = PBXResourcesBuildPhase;
			buildActionMask = 2147483647;
			files = (
			);
			runOnlyForDeploymentPostprocessing = 0;
		};
/* End PBXResourcesBuildPhase section */

/* Begin PBXSourcesBuildPhase section */
		B094A3E128C0B58B007A4F0F /* Sources */ = {
			isa = PBXSourcesBuildPhase;
			buildActionMask = 2147483647;
			files = (
				B094A3EB28C0B58B007A4F0F /* ContentView.swift in Sources */,
				B094A3E928C0B58B007A4F0F /* _4_SwipeCardApp.swift in Sources */,
			);
			runOnlyForDeploymentPostprocessing = 0;
		};
		B094A3F128C0B58D007A4F0F /* Sources */ = {
			isa = PBXSourcesBuildPhase;
			buildActionMask = 2147483647;
			files = (
				B094A3FA28C0B58D007A4F0F /* _4_SwipeCardTests.swift in Sources */,
			);
			runOnlyForDeploymentPostprocessing = 0;
		};
		B094A3FB28C0B58D007A4F0F /* Sources */ = {
			isa = PBXSourcesBuildPhase;
			buildActionMask = 2147483647;
			files = (
				B094A40628C0B58D007A4F0F /* _4_SwipeCardUITestsLaunchTests.swift in Sources */,
				B094A40428C0B58D007A4F0F /* _4_SwipeCardUITests.swift in Sources */,
			);
			runOnlyForDeploymentPostprocessing = 0;
		};
/* End PBXSourcesBuildPhase section */

/* Begin PBXTargetDependency section */
		B094A3F728C0B58D007A4F0F /* PBXTargetDependency */ = {
			isa = PBXTargetDependency;
			target = B094A3E428C0B58B007A4F0F /* 14.SwipeCard */;
			targetProxy = B094A3F628C0B58D007A4F0F /* PBXContainerItemProxy */;
		};
		B094A40128C0B58D007A4F0F /* PBXTargetDependency */ = {
			isa = PBXTargetDependency;
			target = B094A3E428C0B58B007A4F0F /* 14.SwipeCard */;
			targetProxy = B094A40028C0B58D007A4F0F /* PBXContainerItemProxy */;
		};
/* End PBXTargetDependency section */

/* Begin XCBuildConfiguration section */
		B094A40728C0B58D007A4F0F /* Debug */ = {
			isa = XCBuildConfiguration;
			buildSettings = {
				ALWAYS_SEARCH_USER_PATHS = NO;
				CLANG_ANALYZER_NONNULL = YES;
				CLANG_ANALYZER_NUMBER_OBJECT_CONVERSION = YES_AGGRESSIVE;
				CLANG_CXX_LANGUAGE_STANDARD = "gnu++17";
				CLANG_ENABLE_MODULES = YES;
				CLANG_ENABLE_OBJC_ARC = YES;
				CLANG_ENABLE_OBJC_WEAK = YES;
				CLANG_WARN_BLOCK_CAPTURE_AUTORELEASING = YES;
				CLANG_WARN_BOOL_CONVERSION = YES;
				CLANG_WARN_COMMA = YES;
				CLANG_WARN_CONSTANT_CONVERSION = YES;
				CLANG_WARN_DEPRECATED_OBJC_IMPLEMENTATIONS = YES;
				CLANG_WARN_DIRECT_OBJC_ISA_USAGE = YES_ERROR;
				CLANG_WARN_DOCUMENTATION_COMMENTS = YES;
				CLANG_WARN_EMPTY_BODY = YES;
				CLANG_WARN_ENUM_CONVERSION = YES;
				CLANG_WARN_INFINITE_RECURSION = YES;
				CLANG_WARN_INT_CONVERSION = YES;
				CLANG_WARN_NON_LITERAL_NULL_CONVERSION = YES;
				CLANG_WARN_OBJC_IMPLICIT_RETAIN_SELF = YES;
				CLANG_WARN_OBJC_LITERAL_CONVERSION = YES;
				CLANG_WARN_OBJC_ROOT_CLASS = YES_ERROR;
				CLANG_WARN_QUOTED_INCLUDE_IN_FRAMEWORK_HEADER = YES;
				CLANG_WARN_RANGE_LOOP_ANALYSIS = YES;
				CLANG_WARN_STRICT_PROTOTYPES = YES;
				CLANG_WARN_SUSPICIOUS_MOVE = YES;
				CLANG_WARN_UNGUARDED_AVAILABILITY = YES_AGGRESSIVE;
				CLANG_WARN_UNREACHABLE_CODE = YES;
				CLANG_WARN__DUPLICATE_METHOD_MATCH = YES;
				COPY_PHASE_STRIP = NO;
				DEBUG_INFORMATION_FORMAT = dwarf;
				ENABLE_STRICT_OBJC_MSGSEND = YES;
				ENABLE_TESTABILITY = YES;
				GCC_C_LANGUAGE_STANDARD = gnu11;
				GCC_DYNAMIC_NO_PIC = NO;
				GCC_NO_COMMON_BLOCKS = YES;
				GCC_OPTIMIZATION_LEVEL = 0;
				GCC_PREPROCESSOR_DEFINITIONS = (
					"DEBUG=1",
					"$(inherited)",
				);
				GCC_WARN_64_TO_32_BIT_CONVERSION = YES;
				GCC_WARN_ABOUT_RETURN_TYPE = YES_ERROR;
				GCC_WARN_UNDECLARED_SELECTOR = YES;
				GCC_WARN_UNINITIALIZED_AUTOS = YES_AGGRESSIVE;
				GCC_WARN_UNUSED_FUNCTION = YES;
				GCC_WARN_UNUSED_VARIABLE = YES;
				IPHONEOS_DEPLOYMENT_TARGET = 15.5;
				MTL_ENABLE_DEBUG_INFO = INCLUDE_SOURCE;
				MTL_FAST_MATH = YES;
				ONLY_ACTIVE_ARCH = YES;
				SDKROOT = iphoneos;
				SWIFT_ACTIVE_COMPILATION_CONDITIONS = DEBUG;
				SWIFT_OPTIMIZATION_LEVEL = "-Onone";
			};
			name = Debug;
		};
		B094A40828C0B58D007A4F0F /* Release */ = {
			isa = XCBuildConfiguration;
			buildSettings = {
				ALWAYS_SEARCH_USER_PATHS = NO;
				CLANG_ANALYZER_NONNULL = YES;
				CLANG_ANALYZER_NUMBER_OBJECT_CONVERSION = YES_AGGRESSIVE;
				CLANG_CXX_LANGUAGE_STANDARD = "gnu++17";
				CLANG_ENABLE_MODULES = YES;
				CLANG_ENABLE_OBJC_ARC = YES;
				CLANG_ENABLE_OBJC_WEAK = YES;
				CLANG_WARN_BLOCK_CAPTURE_AUTORELEASING = YES;
				CLANG_WARN_BOOL_CONVERSION = YES;
				CLANG_WARN_COMMA = YES;
				CLANG_WARN_CONSTANT_CONVERSION = YES;
				CLANG_WARN_DEPRECATED_OBJC_IMPLEMENTATIONS = YES;
				CLANG_WARN_DIRECT_OBJC_ISA_USAGE = YES_ERROR;
				CLANG_WARN_DOCUMENTATION_COMMENTS = YES;
				CLANG_WARN_EMPTY_BODY = YES;
				CLANG_WARN_ENUM_CONVERSION = YES;
				CLANG_WARN_INFINITE_RECURSION = YES;
				CLANG_WARN_INT_CONVERSION = YES;
				CLANG_WARN_NON_LITERAL_NULL_CONVERSION = YES;
				CLANG_WARN_OBJC_IMPLICIT_RETAIN_SELF = YES;
				CLANG_WARN_OBJC_LITERAL_CONVERSION = YES;
				CLANG_WARN_OBJC_ROOT_CLASS = YES_ERROR;
				CLANG_WARN_QUOTED_INCLUDE_IN_FRAMEWORK_HEADER = YES;
				CLANG_WARN_RANGE_LOOP_ANALYSIS = YES;
				CLANG_WARN_STRICT_PROTOTYPES = YES;
				CLANG_WARN_SUSPICIOUS_MOVE = YES;
				CLANG_WARN_UNGUARDED_AVAILABILITY = YES_AGGRESSIVE;
				CLANG_WARN_UNREACHABLE_CODE = YES;
				CLANG_WARN__DUPLICATE_METHOD_MATCH = YES;
				COPY_PHASE_STRIP = NO;
				DEBUG_INFORMATION_FORMAT = "dwarf-with-dsym";
				ENABLE_NS_ASSERTIONS = NO;
				ENABLE_STRICT_OBJC_MSGSEND = YES;
				GCC_C_LANGUAGE_STANDARD = gnu11;
				GCC_NO_COMMON_BLOCKS = YES;
				GCC_WARN_64_TO_32_BIT_CONVERSION = YES;
				GCC_WARN_ABOUT_RETURN_TYPE = YES_ERROR;
				GCC_WARN_UNDECLARED_SELECTOR = YES;
				GCC_WARN_UNINITIALIZED_AUTOS = YES_AGGRESSIVE;
				GCC_WARN_UNUSED_FUNCTION = YES;
				GCC_WARN_UNUSED_VARIABLE = YES;
				IPHONEOS_DEPLOYMENT_TARGET = 15.5;
				MTL_ENABLE_DEBUG_INFO = NO;
				MTL_FAST_MATH = YES;
				SDKROOT = iphoneos;
				SWIFT_COMPILATION_MODE = wholemodule;
				SWIFT_OPTIMIZATION_LEVEL = "-O";
				VALIDATE_PRODUCT = YES;
			};
			name = Release;
		};
		B094A40A28C0B58D007A4F0F /* Debug */ = {
			isa = XCBuildConfiguration;
			buildSettings = {
				ASSETCATALOG_COMPILER_APPICON_NAME = AppIcon;
				ASSETCATALOG_COMPILER_GLOBAL_ACCENT_COLOR_NAME = AccentColor;
				CODE_SIGN_STYLE = Automatic;
				CURRENT_PROJECT_VERSION = 1;
				DEVELOPMENT_ASSET_PATHS = "\"14.SwipeCard/Preview Content\"";
				ENABLE_PREVIEWS = YES;
				GENERATE_INFOPLIST_FILE = YES;
				INFOPLIST_KEY_UIApplicationSceneManifest_Generation = YES;
				INFOPLIST_KEY_UIApplicationSupportsIndirectInputEvents = YES;
				INFOPLIST_KEY_UILaunchScreen_Generation = YES;
				INFOPLIST_KEY_UISupportedInterfaceOrientations_iPad = "UIInterfaceOrientationPortrait UIInterfaceOrientationPortraitUpsideDown UIInterfaceOrientationLandscapeLeft UIInterfaceOrientationLandscapeRight";
				INFOPLIST_KEY_UISupportedInterfaceOrientations_iPhone = "UIInterfaceOrientationPortrait UIInterfaceOrientationLandscapeLeft UIInterfaceOrientationLandscapeRight";
				LD_RUNPATH_SEARCH_PATHS = (
					"$(inherited)",
					"@executable_path/Frameworks",
				);
				MARKETING_VERSION = 1.0;
				PRODUCT_BUNDLE_IDENTIFIER = "com.linjunlong.-4-SwipeCard";
				PRODUCT_NAME = "$(TARGET_NAME)";
				SWIFT_EMIT_LOC_STRINGS = YES;
				SWIFT_VERSION = 5.0;
				TARGETED_DEVICE_FAMILY = "1,2";
			};
			name = Debug;
		};
		B094A40B28C0B58D007A4F0F /* Release */ = {
			isa = XCBuildConfiguration;
			buildSettings = {
				ASSETCATALOG_COMPILER_APPICON_NAME = AppIcon;
				ASSETCATALOG_COMPILER_GLOBAL_ACCENT_COLOR_NAME = AccentColor;
				CODE_SIGN_STYLE = Automatic;
				CURRENT_PROJECT_VERSION = 1;
				DEVELOPMENT_ASSET_PATHS = "\"14.SwipeCard/Preview Content\"";
				ENABLE_PREVIEWS = YES;
				GENERATE_INFOPLIST_FILE = YES;
				INFOPLIST_KEY_UIApplicationSceneManifest_Generation = YES;
				INFOPLIST_KEY_UIApplicationSupportsIndirectInputEvents = YES;
				INFOPLIST_KEY_UILaunchScreen_Generation = YES;
				INFOPLIST_KEY_UISupportedInterfaceOrientations_iPad = "UIInterfaceOrientationPortrait UIInterfaceOrientationPortraitUpsideDown UIInterfaceOrientationLandscapeLeft UIInterfaceOrientationLandscapeRight";
				INFOPLIST_KEY_UISupportedInterfaceOrientations_iPhone = "UIInterfaceOrientationPortrait UIInterfaceOrientationLandscapeLeft UIInterfaceOrientationLandscapeRight";
				LD_RUNPATH_SEARCH_PATHS = (
					"$(inherited)",
					"@executable_path/Frameworks",
				);
				MARKETING_VERSION = 1.0;
				PRODUCT_BUNDLE_IDENTIFIER = "com.linjunlong.-4-SwipeCard";
				PRODUCT_NAME = "$(TARGET_NAME)";
				SWIFT_EMIT_LOC_STRINGS = YES;
				SWIFT_VERSION = 5.0;
				TARGETED_DEVICE_FAMILY = "1,2";
			};
			name = Release;
		};
		B094A40D28C0B58D007A4F0F /* Debug */ = {
			isa = XCBuildConfiguration;
			buildSettings = {
				ALWAYS_EMBED_SWIFT_STANDARD_LIBRARIES = YES;
				BUNDLE_LOADER = "$(TEST_HOST)";
				CODE_SIGN_STYLE = Automatic;
				CURRENT_PROJECT_VERSION = 1;
				GENERATE_INFOPLIST_FILE = YES;
				IPHONEOS_DEPLOYMENT_TARGET = 15.5;
				MARKETING_VERSION = 1.0;
				PRODUCT_BUNDLE_IDENTIFIER = "com.linjunlong.-4-SwipeCardTests";
				PRODUCT_NAME = "$(TARGET_NAME)";
				SWIFT_EMIT_LOC_STRINGS = NO;
				SWIFT_VERSION = 5.0;
				TARGETED_DEVICE_FAMILY = "1,2";
				TEST_HOST = "$(BUILT_PRODUCTS_DIR)/14.SwipeCard.app/14.SwipeCard";
			};
			name = Debug;
		};
		B094A40E28C0B58D007A4F0F /* Release */ = {
			isa = XCBuildConfiguration;
			buildSettings = {
				ALWAYS_EMBED_SWIFT_STANDARD_LIBRARIES = YES;
				BUNDLE_LOADER = "$(TEST_HOST)";
				CODE_SIGN_STYLE = Automatic;
				CURRENT_PROJECT_VERSION = 1;
				GENERATE_INFOPLIST_FILE = YES;
				IPHONEOS_DEPLOYMENT_TARGET = 15.5;
				MARKETING_VERSION = 1.0;
				PRODUCT_BUNDLE_IDENTIFIER = "com.linjunlong.-4-SwipeCardTests";
				PRODUCT_NAME = "$(TARGET_NAME)";
				SWIFT_EMIT_LOC_STRINGS = NO;
				SWIFT_VERSION = 5.0;
				TARGETED_DEVICE_FAMILY = "1,2";
				TEST_HOST = "$(BUILT_PRODUCTS_DIR)/14.SwipeCard.app/14.SwipeCard";
			};
			name = Release;
		};
		B094A41028C0B58D007A4F0F /* Debug */ = {
			isa = XCBuildConfiguration;
			buildSettings = {
				ALWAYS_EMBED_SWIFT_STANDARD_LIBRARIES = YES;
				CODE_SIGN_STYLE = Automatic;
				CURRENT_PROJECT_VERSION = 1;
				GENERATE_INFOPLIST_FILE = YES;
				MARKETING_VERSION = 1.0;
				PRODUCT_BUNDLE_IDENTIFIER = "com.linjunlong.-4-SwipeCardUITests";
				PRODUCT_NAME = "$(TARGET_NAME)";
				SWIFT_EMIT_LOC_STRINGS = NO;
				SWIFT_VERSION = 5.0;
				TARGETED_DEVICE_FAMILY = "1,2";
				TEST_TARGET_NAME = 14.SwipeCard;
			};
			name = Debug;
		};
		B094A41128C0B58D007A4F0F /* Release */ = {
			isa = XCBuildConfiguration;
			buildSettings = {
				ALWAYS_EMBED_SWIFT_STANDARD_LIBRARIES = YES;
				CODE_SIGN_STYLE = Automatic;
				CURRENT_PROJECT_VERSION = 1;
				GENERATE_INFOPLIST_FILE = YES;
				MARKETING_VERSION = 1.0;
				PRODUCT_BUNDLE_IDENTIFIER = "com.linjunlong.-4-SwipeCardUITests";
				PRODUCT_NAME = "$(TARGET_NAME)";
				SWIFT_EMIT_LOC_STRINGS = NO;
				SWIFT_VERSION = 5.0;
				TARGETED_DEVICE_FAMILY = "1,2";
				TEST_TARGET_NAME = 14.SwipeCard;
			};
			name = Release;
		};
/* End XCBuildConfiguration section */

/* Begin XCConfigurationList section */
		B094A3E028C0B58B007A4F0F /* Build configuration list for PBXProject "14.SwipeCard" */ = {
			isa = XCConfigurationList;
			buildConfigurations = (
				B094A40728C0B58D007A4F0F /* Debug */,
				B094A40828C0B58D007A4F0F /* Release */,
			);
			defaultConfigurationIsVisible = 0;
			defaultConfigurationName = Release;
		};
		B094A40928C0B58D007A4F0F /* Build configuration list for PBXNativeTarget "14.SwipeCard" */ = {
			isa = XCConfigurationList;
			buildConfigurations = (
				B094A40A28C0B58D007A4F0F /* Debug */,
				B094A40B28C0B58D007A4F0F /* Release */,
			);
			defaultConfigurationIsVisible = 0;
			defaultConfigurationName = Release;
		};
		B094A40C28C0B58D007A4F0F /* Build configuration list for PBXNativeTarget "14.SwipeCardTests" */ = {
			isa = XCConfigurationList;
			buildConfigurations = (
				B094A40D28C0B58D007A4F0F /* Debug */,
				B094A40E28C0B58D007A4F0F /* Release */,
			);
			defaultConfigurationIsVisible = 0;
			defaultConfigurationName = Release;
		};
		B094A40F28C0B58D007A4F0F /* Build configuration list for PBXNativeTarget "14.SwipeCardUITests" */ = {
			isa = XCConfigurationList;
			buildConfigurations = (
				B094A41028C0B58D007A4F0F /* Debug */,
				B094A41128C0B58D007A4F0F /* Release */,
			);
			defaultConfigurationIsVisible = 0;
			defaultConfigurationName = Release;
		};
/* End XCConfigurationList section */
	};
	rootObject = B094A3DD28C0B58B007A4F0F /* Project object */;
}
