// !$*UTF8*$!
{
	archiveVersion = 1;
	classes = {
	};
	objectVersion = 55;
	objects = {

/* Begin PBXBuildFile section */
		B094A31128C099E5007A4F0F /* _1_FormListApp.swift in Sources */ = {isa = PBXBuildFile; fileRef = B094A31028C099E5007A4F0F /* _1_FormListApp.swift */; };
		B094A31328C099E5007A4F0F /* ContentView.swift in Sources */ = {isa = PBXBuildFile; fileRef = B094A31228C099E5007A4F0F /* ContentView.swift */; };
		B094A31528C099E7007A4F0F /* Assets.xcassets in Resources */ = {isa = PBXBuildFile; fileRef = B094A31428C099E7007A4F0F /* Assets.xcassets */; };
		B094A31828C099E7007A4F0F /* Preview Assets.xcassets in Resources */ = {isa = PBXBuildFile; fileRef = B094A31728C099E7007A4F0F /* Preview Assets.xcassets */; };
		B094A32228C099E7007A4F0F /* _1_FormListTests.swift in Sources */ = {isa = PBXBuildFile; fileRef = B094A32128C099E7007A4F0F /* _1_FormListTests.swift */; };
		B094A32C28C099E7007A4F0F /* _1_FormListUITests.swift in Sources */ = {isa = PBXBuildFile; fileRef = B094A32B28C099E7007A4F0F /* _1_FormListUITests.swift */; };
		B094A32E28C099E7007A4F0F /* _1_FormListUITestsLaunchTests.swift in Sources */ = {isa = PBXBuildFile; fileRef = B094A32D28C099E7007A4F0F /* _1_FormListUITestsLaunchTests.swift */; };
/* End PBXBuildFile section */

/* Begin PBXContainerItemProxy section */
		B094A31E28C099E7007A4F0F /* PBXContainerItemProxy */ = {
			isa = PBXContainerItemProxy;
			containerPortal = B094A30528C099E5007A4F0F /* Project object */;
			proxyType = 1;
			remoteGlobalIDString = B094A30C28C099E5007A4F0F;
			remoteInfo = 11.FormList;
		};
		B094A32828C099E7007A4F0F /* PBXContainerItemProxy */ = {
			isa = PBXContainerItemProxy;
			containerPortal = B094A30528C099E5007A4F0F /* Project object */;
			proxyType = 1;
			remoteGlobalIDString = B094A30C28C099E5007A4F0F;
			remoteInfo = 11.FormList;
		};
/* End PBXContainerItemProxy section */

/* Begin PBXFileReference section */
		B094A30D28C099E5007A4F0F /* 11.FormList.app */ = {isa = PBXFileReference; explicitFileType = wrapper.application; includeInIndex = 0; path = 11.FormList.app; sourceTree = BUILT_PRODUCTS_DIR; };
		B094A31028C099E5007A4F0F /* _1_FormListApp.swift */ = {isa = PBXFileReference; lastKnownFileType = sourcecode.swift; path = _1_FormListApp.swift; sourceTree = "<group>"; };
		B094A31228C099E5007A4F0F /* ContentView.swift */ = {isa = PBXFileReference; lastKnownFileType = sourcecode.swift; path = ContentView.swift; sourceTree = "<group>"; };
		B094A31428C099E7007A4F0F /* Assets.xcassets */ = {isa = PBXFileReference; lastKnownFileType = folder.assetcatalog; path = Assets.xcassets; sourceTree = "<group>"; };
		B094A31728C099E7007A4F0F /* Preview Assets.xcassets */ = {isa = PBXFileReference; lastKnownFileType = folder.assetcatalog; path = "Preview Assets.xcassets"; sourceTree = "<group>"; };
		B094A31D28C099E7007A4F0F /* 11.FormListTests.xctest */ = {isa = PBXFileReference; explicitFileType = wrapper.cfbundle; includeInIndex = 0; path = 11.FormListTests.xctest; sourceTree = BUILT_PRODUCTS_DIR; };
		B094A32128C099E7007A4F0F /* _1_FormListTests.swift */ = {isa = PBXFileReference; lastKnownFileType = sourcecode.swift; path = _1_FormListTests.swift; sourceTree = "<group>"; };
		B094A32728C099E7007A4F0F /* 11.FormListUITests.xctest */ = {isa = PBXFileReference; explicitFileType = wrapper.cfbundle; includeInIndex = 0; path = 11.FormListUITests.xctest; sourceTree = BUILT_PRODUCTS_DIR; };
		B094A32B28C099E7007A4F0F /* _1_FormListUITests.swift */ = {isa = PBXFileReference; lastKnownFileType = sourcecode.swift; path = _1_FormListUITests.swift; sourceTree = "<group>"; };
		B094A32D28C099E7007A4F0F /* _1_FormListUITestsLaunchTests.swift */ = {isa = PBXFileReference; lastKnownFileType = sourcecode.swift; path = _1_FormListUITestsLaunchTests.swift; sourceTree = "<group>"; };
/* End PBXFileReference section */

/* Begin PBXFrameworksBuildPhase section */
		B094A30A28C099E5007A4F0F /* Frameworks */ = {
			isa = PBXFrameworksBuildPhase;
			buildActionMask = 2147483647;
			files = (
			);
			runOnlyForDeploymentPostprocessing = 0;
		};
		B094A31A28C099E7007A4F0F /* Frameworks */ = {
			isa = PBXFrameworksBuildPhase;
			buildActionMask = 2147483647;
			files = (
			);
			runOnlyForDeploymentPostprocessing = 0;
		};
		B094A32428C099E7007A4F0F /* Frameworks */ = {
			isa = PBXFrameworksBuildPhase;
			buildActionMask = 2147483647;
			files = (
			);
			runOnlyForDeploymentPostprocessing = 0;
		};
/* End PBXFrameworksBuildPhase section */

/* Begin PBXGroup section */
		B094A30428C099E5007A4F0F = {
			isa = PBXGroup;
			children = (
				B094A30F28C099E5007A4F0F /* 11.FormList */,
				B094A32028C099E7007A4F0F /* 11.FormListTests */,
				B094A32A28C099E7007A4F0F /* 11.FormListUITests */,
				B094A30E28C099E5007A4F0F /* Products */,
			);
			sourceTree = "<group>";
		};
		B094A30E28C099E5007A4F0F /* Products */ = {
			isa = PBXGroup;
			children = (
				B094A30D28C099E5007A4F0F /* 11.FormList.app */,
				B094A31D28C099E7007A4F0F /* 11.FormListTests.xctest */,
				B094A32728C099E7007A4F0F /* 11.FormListUITests.xctest */,
			);
			name = Products;
			sourceTree = "<group>";
		};
		B094A30F28C099E5007A4F0F /* 11.FormList */ = {
			isa = PBXGroup;
			children = (
				B094A31028C099E5007A4F0F /* _1_FormListApp.swift */,
				B094A31228C099E5007A4F0F /* ContentView.swift */,
				B094A31428C099E7007A4F0F /* Assets.xcassets */,
				B094A31628C099E7007A4F0F /* Preview Content */,
			);
			path = 11.FormList;
			sourceTree = "<group>";
		};
		B094A31628C099E7007A4F0F /* Preview Content */ = {
			isa = PBXGroup;
			children = (
				B094A31728C099E7007A4F0F /* Preview Assets.xcassets */,
			);
			path = "Preview Content";
			sourceTree = "<group>";
		};
		B094A32028C099E7007A4F0F /* 11.FormListTests */ = {
			isa = PBXGroup;
			children = (
				B094A32128C099E7007A4F0F /* _1_FormListTests.swift */,
			);
			path = 11.FormListTests;
			sourceTree = "<group>";
		};
		B094A32A28C099E7007A4F0F /* 11.FormListUITests */ = {
			isa = PBXGroup;
			children = (
				B094A32B28C099E7007A4F0F /* _1_FormListUITests.swift */,
				B094A32D28C099E7007A4F0F /* _1_FormListUITestsLaunchTests.swift */,
			);
			path = 11.FormListUITests;
			sourceTree = "<group>";
		};
/* End PBXGroup section */

/* Begin PBXNativeTarget section */
		B094A30C28C099E5007A4F0F /* 11.FormList */ = {
			isa = PBXNativeTarget;
			buildConfigurationList = B094A33128C099E7007A4F0F /* Build configuration list for PBXNativeTarget "11.FormList" */;
			buildPhases = (
				B094A30928C099E5007A4F0F /* Sources */,
				B094A30A28C099E5007A4F0F /* Frameworks */,
				B094A30B28C099E5007A4F0F /* Resources */,
			);
			buildRules = (
			);
			dependencies = (
			);
			name = 11.FormList;
			productName = 11.FormList;
			productReference = B094A30D28C099E5007A4F0F /* 11.FormList.app */;
			productType = "com.apple.product-type.application";
		};
		B094A31C28C099E7007A4F0F /* 11.FormListTests */ = {
			isa = PBXNativeTarget;
			buildConfigurationList = B094A33428C099E7007A4F0F /* Build configuration list for PBXNativeTarget "11.FormListTests" */;
			buildPhases = (
				B094A31928C099E7007A4F0F /* Sources */,
				B094A31A28C099E7007A4F0F /* Frameworks */,
				B094A31B28C099E7007A4F0F /* Resources */,
			);
			buildRules = (
			);
			dependencies = (
				B094A31F28C099E7007A4F0F /* PBXTargetDependency */,
			);
			name = 11.FormListTests;
			productName = 11.FormListTests;
			productReference = B094A31D28C099E7007A4F0F /* 11.FormListTests.xctest */;
			productType = "com.apple.product-type.bundle.unit-test";
		};
		B094A32628C099E7007A4F0F /* 11.FormListUITests */ = {
			isa = PBXNativeTarget;
			buildConfigurationList = B094A33728C099E7007A4F0F /* Build configuration list for PBXNativeTarget "11.FormListUITests" */;
			buildPhases = (
				B094A32328C099E7007A4F0F /* Sources */,
				B094A32428C099E7007A4F0F /* Frameworks */,
				B094A32528C099E7007A4F0F /* Resources */,
			);
			buildRules = (
			);
			dependencies = (
				B094A32928C099E7007A4F0F /* PBXTargetDependency */,
			);
			name = 11.FormListUITests;
			productName = 11.FormListUITests;
			productReference = B094A32728C099E7007A4F0F /* 11.FormListUITests.xctest */;
			productType = "com.apple.product-type.bundle.ui-testing";
		};
/* End PBXNativeTarget section */

/* Begin PBXProject section */
		B094A30528C099E5007A4F0F /* Project object */ = {
			isa = PBXProject;
			attributes = {
				BuildIndependentTargetsInParallel = 1;
				LastSwiftUpdateCheck = 1340;
				LastUpgradeCheck = 1340;
				TargetAttributes = {
					B094A30C28C099E5007A4F0F = {
						CreatedOnToolsVersion = 13.4.1;
					};
					B094A31C28C099E7007A4F0F = {
						CreatedOnToolsVersion = 13.4.1;
						TestTargetID = B094A30C28C099E5007A4F0F;
					};
					B094A32628C099E7007A4F0F = {
						CreatedOnToolsVersion = 13.4.1;
						TestTargetID = B094A30C28C099E5007A4F0F;
					};
				};
			};
			buildConfigurationList = B094A30828C099E5007A4F0F /* Build configuration list for PBXProject "11.FormList" */;
			compatibilityVersion = "Xcode 13.0";
			developmentRegion = en;
			hasScannedForEncodings = 0;
			knownRegions = (
				en,
				Base,
			);
			mainGroup = B094A30428C099E5007A4F0F;
			productRefGroup = B094A30E28C099E5007A4F0F /* Products */;
			projectDirPath = "";
			projectRoot = "";
			targets = (
				B094A30C28C099E5007A4F0F /* 11.FormList */,
				B094A31C28C099E7007A4F0F /* 11.FormListTests */,
				B094A32628C099E7007A4F0F /* 11.FormListUITests */,
			);
		};
/* End PBXProject section */

/* Begin PBXResourcesBuildPhase section */
		B094A30B28C099E5007A4F0F /* Resources */ = {
			isa = PBXResourcesBuildPhase;
			buildActionMask = 2147483647;
			files = (
				B094A31828C099E7007A4F0F /* Preview Assets.xcassets in Resources */,
				B094A31528C099E7007A4F0F /* Assets.xcassets in Resources */,
			);
			runOnlyForDeploymentPostprocessing = 0;
		};
		B094A31B28C099E7007A4F0F /* Resources */ = {
			isa = PBXResourcesBuildPhase;
			buildActionMask = 2147483647;
			files = (
			);
			runOnlyForDeploymentPostprocessing = 0;
		};
		B094A32528C099E7007A4F0F /* Resources */ = {
			isa = PBXResourcesBuildPhase;
			buildActionMask = 2147483647;
			files = (
			);
			runOnlyForDeploymentPostprocessing = 0;
		};
/* End PBXResourcesBuildPhase section */

/* Begin PBXSourcesBuildPhase section */
		B094A30928C099E5007A4F0F /* Sources */ = {
			isa = PBXSourcesBuildPhase;
			buildActionMask = 2147483647;
			files = (
				B094A31328C099E5007A4F0F /* ContentView.swift in Sources */,
				B094A31128C099E5007A4F0F /* _1_FormListApp.swift in Sources */,
			);
			runOnlyForDeploymentPostprocessing = 0;
		};
		B094A31928C099E7007A4F0F /* Sources */ = {
			isa = PBXSourcesBuildPhase;
			buildActionMask = 2147483647;
			files = (
				B094A32228C099E7007A4F0F /* _1_FormListTests.swift in Sources */,
			);
			runOnlyForDeploymentPostprocessing = 0;
		};
		B094A32328C099E7007A4F0F /* Sources */ = {
			isa = PBXSourcesBuildPhase;
			buildActionMask = 2147483647;
			files = (
				B094A32E28C099E7007A4F0F /* _1_FormListUITestsLaunchTests.swift in Sources */,
				B094A32C28C099E7007A4F0F /* _1_FormListUITests.swift in Sources */,
			);
			runOnlyForDeploymentPostprocessing = 0;
		};
/* End PBXSourcesBuildPhase section */

/* Begin PBXTargetDependency section */
		B094A31F28C099E7007A4F0F /* PBXTargetDependency */ = {
			isa = PBXTargetDependency;
			target = B094A30C28C099E5007A4F0F /* 11.FormList */;
			targetProxy = B094A31E28C099E7007A4F0F /* PBXContainerItemProxy */;
		};
		B094A32928C099E7007A4F0F /* PBXTargetDependency */ = {
			isa = PBXTargetDependency;
			target = B094A30C28C099E5007A4F0F /* 11.FormList */;
			targetProxy = B094A32828C099E7007A4F0F /* PBXContainerItemProxy */;
		};
/* End PBXTargetDependency section */

/* Begin XCBuildConfiguration section */
		B094A32F28C099E7007A4F0F /* Debug */ = {
			isa = XCBuildConfiguration;
			buildSettings = {
				ALWAYS_SEARCH_USER_PATHS = NO;
				CLANG_ANALYZER_NONNULL = YES;
				CLANG_ANALYZER_NUMBER_OBJECT_CONVERSION = YES_AGGRESSIVE;
				CLANG_CXX_LANGUAGE_STANDARD = "gnu++17";
				CLANG_ENABLE_MODULES = YES;
				CLANG_ENABLE_OBJC_ARC = YES;
				CLANG_ENABLE_OBJC_WEAK = YES;
				CLANG_WARN_BLOCK_CAPTURE_AUTORELEASING = YES;
				CLANG_WARN_BOOL_CONVERSION = YES;
				CLANG_WARN_COMMA = YES;
				CLANG_WARN_CONSTANT_CONVERSION = YES;
				CLANG_WARN_DEPRECATED_OBJC_IMPLEMENTATIONS = YES;
				CLANG_WARN_DIRECT_OBJC_ISA_USAGE = YES_ERROR;
				CLANG_WARN_DOCUMENTATION_COMMENTS = YES;
				CLANG_WARN_EMPTY_BODY = YES;
				CLANG_WARN_ENUM_CONVERSION = YES;
				CLANG_WARN_INFINITE_RECURSION = YES;
				CLANG_WARN_INT_CONVERSION = YES;
				CLANG_WARN_NON_LITERAL_NULL_CONVERSION = YES;
				CLANG_WARN_OBJC_IMPLICIT_RETAIN_SELF = YES;
				CLANG_WARN_OBJC_LITERAL_CONVERSION = YES;
				CLANG_WARN_OBJC_ROOT_CLASS = YES_ERROR;
				CLANG_WARN_QUOTED_INCLUDE_IN_FRAMEWORK_HEADER = YES;
				CLANG_WARN_RANGE_LOOP_ANALYSIS = YES;
				CLANG_WARN_STRICT_PROTOTYPES = YES;
				CLANG_WARN_SUSPICIOUS_MOVE = YES;
				CLANG_WARN_UNGUARDED_AVAILABILITY = YES_AGGRESSIVE;
				CLANG_WARN_UNREACHABLE_CODE = YES;
				CLANG_WARN__DUPLICATE_METHOD_MATCH = YES;
				COPY_PHASE_STRIP = NO;
				DEBUG_INFORMATION_FORMAT = dwarf;
				ENABLE_STRICT_OBJC_MSGSEND = YES;
				ENABLE_TESTABILITY = YES;
				GCC_C_LANGUAGE_STANDARD = gnu11;
				GCC_DYNAMIC_NO_PIC = NO;
				GCC_NO_COMMON_BLOCKS = YES;
				GCC_OPTIMIZATION_LEVEL = 0;
				GCC_PREPROCESSOR_DEFINITIONS = (
					"DEBUG=1",
					"$(inherited)",
				);
				GCC_WARN_64_TO_32_BIT_CONVERSION = YES;
				GCC_WARN_ABOUT_RETURN_TYPE = YES_ERROR;
				GCC_WARN_UNDECLARED_SELECTOR = YES;
				GCC_WARN_UNINITIALIZED_AUTOS = YES_AGGRESSIVE;
				GCC_WARN_UNUSED_FUNCTION = YES;
				GCC_WARN_UNUSED_VARIABLE = YES;
				IPHONEOS_DEPLOYMENT_TARGET = 15.5;
				MTL_ENABLE_DEBUG_INFO = INCLUDE_SOURCE;
				MTL_FAST_MATH = YES;
				ONLY_ACTIVE_ARCH = YES;
				SDKROOT = iphoneos;
				SWIFT_ACTIVE_COMPILATION_CONDITIONS = DEBUG;
				SWIFT_OPTIMIZATION_LEVEL = "-Onone";
			};
			name = Debug;
		};
		B094A33028C099E7007A4F0F /* Release */ = {
			isa = XCBuildConfiguration;
			buildSettings = {
				ALWAYS_SEARCH_USER_PATHS = NO;
				CLANG_ANALYZER_NONNULL = YES;
				CLANG_ANALYZER_NUMBER_OBJECT_CONVERSION = YES_AGGRESSIVE;
				CLANG_CXX_LANGUAGE_STANDARD = "gnu++17";
				CLANG_ENABLE_MODULES = YES;
				CLANG_ENABLE_OBJC_ARC = YES;
				CLANG_ENABLE_OBJC_WEAK = YES;
				CLANG_WARN_BLOCK_CAPTURE_AUTORELEASING = YES;
				CLANG_WARN_BOOL_CONVERSION = YES;
				CLANG_WARN_COMMA = YES;
				CLANG_WARN_CONSTANT_CONVERSION = YES;
				CLANG_WARN_DEPRECATED_OBJC_IMPLEMENTATIONS = YES;
				CLANG_WARN_DIRECT_OBJC_ISA_USAGE = YES_ERROR;
				CLANG_WARN_DOCUMENTATION_COMMENTS = YES;
				CLANG_WARN_EMPTY_BODY = YES;
				CLANG_WARN_ENUM_CONVERSION = YES;
				CLANG_WARN_INFINITE_RECURSION = YES;
				CLANG_WARN_INT_CONVERSION = YES;
				CLANG_WARN_NON_LITERAL_NULL_CONVERSION = YES;
				CLANG_WARN_OBJC_IMPLICIT_RETAIN_SELF = YES;
				CLANG_WARN_OBJC_LITERAL_CONVERSION = YES;
				CLANG_WARN_OBJC_ROOT_CLASS = YES_ERROR;
				CLANG_WARN_QUOTED_INCLUDE_IN_FRAMEWORK_HEADER = YES;
				CLANG_WARN_RANGE_LOOP_ANALYSIS = YES;
				CLANG_WARN_STRICT_PROTOTYPES = YES;
				CLANG_WARN_SUSPICIOUS_MOVE = YES;
				CLANG_WARN_UNGUARDED_AVAILABILITY = YES_AGGRESSIVE;
				CLANG_WARN_UNREACHABLE_CODE = YES;
				CLANG_WARN__DUPLICATE_METHOD_MATCH = YES;
				COPY_PHASE_STRIP = NO;
				DEBUG_INFORMATION_FORMAT = "dwarf-with-dsym";
				ENABLE_NS_ASSERTIONS = NO;
				ENABLE_STRICT_OBJC_MSGSEND = YES;
				GCC_C_LANGUAGE_STANDARD = gnu11;
				GCC_NO_COMMON_BLOCKS = YES;
				GCC_WARN_64_TO_32_BIT_CONVERSION = YES;
				GCC_WARN_ABOUT_RETURN_TYPE = YES_ERROR;
				GCC_WARN_UNDECLARED_SELECTOR = YES;
				GCC_WARN_UNINITIALIZED_AUTOS = YES_AGGRESSIVE;
				GCC_WARN_UNUSED_FUNCTION = YES;
				GCC_WARN_UNUSED_VARIABLE = YES;
				IPHONEOS_DEPLOYMENT_TARGET = 15.5;
				MTL_ENABLE_DEBUG_INFO = NO;
				MTL_FAST_MATH = YES;
				SDKROOT = iphoneos;
				SWIFT_COMPILATION_MODE = wholemodule;
				SWIFT_OPTIMIZATION_LEVEL = "-O";
				VALIDATE_PRODUCT = YES;
			};
			name = Release;
		};
		B094A33228C099E7007A4F0F /* Debug */ = {
			isa = XCBuildConfiguration;
			buildSettings = {
				ASSETCATALOG_COMPILER_APPICON_NAME = AppIcon;
				ASSETCATALOG_COMPILER_GLOBAL_ACCENT_COLOR_NAME = AccentColor;
				CODE_SIGN_STYLE = Automatic;
				CURRENT_PROJECT_VERSION = 1;
				DEVELOPMENT_ASSET_PATHS = "\"11.FormList/Preview Content\"";
				ENABLE_PREVIEWS = YES;
				GENERATE_INFOPLIST_FILE = YES;
				INFOPLIST_KEY_UIApplicationSceneManifest_Generation = YES;
				INFOPLIST_KEY_UIApplicationSupportsIndirectInputEvents = YES;
				INFOPLIST_KEY_UILaunchScreen_Generation = YES;
				INFOPLIST_KEY_UISupportedInterfaceOrientations_iPad = "UIInterfaceOrientationPortrait UIInterfaceOrientationPortraitUpsideDown UIInterfaceOrientationLandscapeLeft UIInterfaceOrientationLandscapeRight";
				INFOPLIST_KEY_UISupportedInterfaceOrientations_iPhone = "UIInterfaceOrientationPortrait UIInterfaceOrientationLandscapeLeft UIInterfaceOrientationLandscapeRight";
				LD_RUNPATH_SEARCH_PATHS = (
					"$(inherited)",
					"@executable_path/Frameworks",
				);
				MARKETING_VERSION = 1.0;
				PRODUCT_BUNDLE_IDENTIFIER = "com.linjunlong.-1-FormList";
				PRODUCT_NAME = "$(TARGET_NAME)";
				SWIFT_EMIT_LOC_STRINGS = YES;
				SWIFT_VERSION = 5.0;
				TARGETED_DEVICE_FAMILY = "1,2";
			};
			name = Debug;
		};
		B094A33328C099E7007A4F0F /* Release */ = {
			isa = XCBuildConfiguration;
			buildSettings = {
				ASSETCATALOG_COMPILER_APPICON_NAME = AppIcon;
				ASSETCATALOG_COMPILER_GLOBAL_ACCENT_COLOR_NAME = AccentColor;
				CODE_SIGN_STYLE = Automatic;
				CURRENT_PROJECT_VERSION = 1;
				DEVELOPMENT_ASSET_PATHS = "\"11.FormList/Preview Content\"";
				ENABLE_PREVIEWS = YES;
				GENERATE_INFOPLIST_FILE = YES;
				INFOPLIST_KEY_UIApplicationSceneManifest_Generation = YES;
				INFOPLIST_KEY_UIApplicationSupportsIndirectInputEvents = YES;
				INFOPLIST_KEY_UILaunchScreen_Generation = YES;
				INFOPLIST_KEY_UISupportedInterfaceOrientations_iPad = "UIInterfaceOrientationPortrait UIInterfaceOrientationPortraitUpsideDown UIInterfaceOrientationLandscapeLeft UIInterfaceOrientationLandscapeRight";
				INFOPLIST_KEY_UISupportedInterfaceOrientations_iPhone = "UIInterfaceOrientationPortrait UIInterfaceOrientationLandscapeLeft UIInterfaceOrientationLandscapeRight";
				LD_RUNPATH_SEARCH_PATHS = (
					"$(inherited)",
					"@executable_path/Frameworks",
				);
				MARKETING_VERSION = 1.0;
				PRODUCT_BUNDLE_IDENTIFIER = "com.linjunlong.-1-FormList";
				PRODUCT_NAME = "$(TARGET_NAME)";
				SWIFT_EMIT_LOC_STRINGS = YES;
				SWIFT_VERSION = 5.0;
				TARGETED_DEVICE_FAMILY = "1,2";
			};
			name = Release;
		};
		B094A33528C099E7007A4F0F /* Debug */ = {
			isa = XCBuildConfiguration;
			buildSettings = {
				ALWAYS_EMBED_SWIFT_STANDARD_LIBRARIES = YES;
				BUNDLE_LOADER = "$(TEST_HOST)";
				CODE_SIGN_STYLE = Automatic;
				CURRENT_PROJECT_VERSION = 1;
				GENERATE_INFOPLIST_FILE = YES;
				IPHONEOS_DEPLOYMENT_TARGET = 15.5;
				MARKETING_VERSION = 1.0;
				PRODUCT_BUNDLE_IDENTIFIER = "com.linjunlong.-1-FormListTests";
				PRODUCT_NAME = "$(TARGET_NAME)";
				SWIFT_EMIT_LOC_STRINGS = NO;
				SWIFT_VERSION = 5.0;
				TARGETED_DEVICE_FAMILY = "1,2";
				TEST_HOST = "$(BUILT_PRODUCTS_DIR)/11.FormList.app/11.FormList";
			};
			name = Debug;
		};
		B094A33628C099E7007A4F0F /* Release */ = {
			isa = XCBuildConfiguration;
			buildSettings = {
				ALWAYS_EMBED_SWIFT_STANDARD_LIBRARIES = YES;
				BUNDLE_LOADER = "$(TEST_HOST)";
				CODE_SIGN_STYLE = Automatic;
				CURRENT_PROJECT_VERSION = 1;
				GENERATE_INFOPLIST_FILE = YES;
				IPHONEOS_DEPLOYMENT_TARGET = 15.5;
				MARKETING_VERSION = 1.0;
				PRODUCT_BUNDLE_IDENTIFIER = "com.linjunlong.-1-FormListTests";
				PRODUCT_NAME = "$(TARGET_NAME)";
				SWIFT_EMIT_LOC_STRINGS = NO;
				SWIFT_VERSION = 5.0;
				TARGETED_DEVICE_FAMILY = "1,2";
				TEST_HOST = "$(BUILT_PRODUCTS_DIR)/11.FormList.app/11.FormList";
			};
			name = Release;
		};
		B094A33828C099E7007A4F0F /* Debug */ = {
			isa = XCBuildConfiguration;
			buildSettings = {
				ALWAYS_EMBED_SWIFT_STANDARD_LIBRARIES = YES;
				CODE_SIGN_STYLE = Automatic;
				CURRENT_PROJECT_VERSION = 1;
				GENERATE_INFOPLIST_FILE = YES;
				MARKETING_VERSION = 1.0;
				PRODUCT_BUNDLE_IDENTIFIER = "com.linjunlong.-1-FormListUITests";
				PRODUCT_NAME = "$(TARGET_NAME)";
				SWIFT_EMIT_LOC_STRINGS = NO;
				SWIFT_VERSION = 5.0;
				TARGETED_DEVICE_FAMILY = "1,2";
				TEST_TARGET_NAME = 11.FormList;
			};
			name = Debug;
		};
		B094A33928C099E7007A4F0F /* Release */ = {
			isa = XCBuildConfiguration;
			buildSettings = {
				ALWAYS_EMBED_SWIFT_STANDARD_LIBRARIES = YES;
				CODE_SIGN_STYLE = Automatic;
				CURRENT_PROJECT_VERSION = 1;
				GENERATE_INFOPLIST_FILE = YES;
				MARKETING_VERSION = 1.0;
				PRODUCT_BUNDLE_IDENTIFIER = "com.linjunlong.-1-FormListUITests";
				PRODUCT_NAME = "$(TARGET_NAME)";
				SWIFT_EMIT_LOC_STRINGS = NO;
				SWIFT_VERSION = 5.0;
				TARGETED_DEVICE_FAMILY = "1,2";
				TEST_TARGET_NAME = 11.FormList;
			};
			name = Release;
		};
/* End XCBuildConfiguration section */

/* Begin XCConfigurationList section */
		B094A30828C099E5007A4F0F /* Build configuration list for PBXProject "11.FormList" */ = {
			isa = XCConfigurationList;
			buildConfigurations = (
				B094A32F28C099E7007A4F0F /* Debug */,
				B094A33028C099E7007A4F0F /* Release */,
			);
			defaultConfigurationIsVisible = 0;
			defaultConfigurationName = Release;
		};
		B094A33128C099E7007A4F0F /* Build configuration list for PBXNativeTarget "11.FormList" */ = {
			isa = XCConfigurationList;
			buildConfigurations = (
				B094A33228C099E7007A4F0F /* Debug */,
				B094A33328C099E7007A4F0F /* Release */,
			);
			defaultConfigurationIsVisible = 0;
			defaultConfigurationName = Release;
		};
		B094A33428C099E7007A4F0F /* Build configuration list for PBXNativeTarget "11.FormListTests" */ = {
			isa = XCConfigurationList;
			buildConfigurations = (
				B094A33528C099E7007A4F0F /* Debug */,
				B094A33628C099E7007A4F0F /* Release */,
			);
			defaultConfigurationIsVisible = 0;
			defaultConfigurationName = Release;
		};
		B094A33728C099E7007A4F0F /* Build configuration list for PBXNativeTarget "11.FormListUITests" */ = {
			isa = XCConfigurationList;
			buildConfigurations = (
				B094A33828C099E7007A4F0F /* Debug */,
				B094A33928C099E7007A4F0F /* Release */,
			);
			defaultConfigurationIsVisible = 0;
			defaultConfigurationName = Release;
		};
/* End XCConfigurationList section */
	};
	rootObject = B094A30528C099E5007A4F0F /* Project object */;
}
