// !$*UTF8*$!
{
	archiveVersion = 1;
	classes = {
	};
	objectVersion = 55;
	objects = {

/* Begin PBXBuildFile section */
		B09D98C828BDB6C9009C725D /* _3_StackApp.swift in Sources */ = {isa = PBXBuildFile; fileRef = B09D98C728BDB6C9009C725D /* _3_StackApp.swift */; };
		B09D98CA28BDB6C9009C725D /* ContentView.swift in Sources */ = {isa = PBXBuildFile; fileRef = B09D98C928BDB6C9009C725D /* ContentView.swift */; };
		B09D98CC28BDB6CB009C725D /* Assets.xcassets in Resources */ = {isa = PBXBuildFile; fileRef = B09D98CB28BDB6CB009C725D /* Assets.xcassets */; };
		B09D98CF28BDB6CB009C725D /* Preview Assets.xcassets in Resources */ = {isa = PBXBuildFile; fileRef = B09D98CE28BDB6CB009C725D /* Preview Assets.xcassets */; };
		B09D98D928BDB6CB009C725D /* _3_StackTests.swift in Sources */ = {isa = PBXBuildFile; fileRef = B09D98D828BDB6CB009C725D /* _3_StackTests.swift */; };
		B09D98E328BDB6CB009C725D /* _3_StackUITests.swift in Sources */ = {isa = PBXBuildFile; fileRef = B09D98E228BDB6CB009C725D /* _3_StackUITests.swift */; };
		B09D98E528BDB6CB009C725D /* _3_StackUITestsLaunchTests.swift in Sources */ = {isa = PBXBuildFile; fileRef = B09D98E428BDB6CB009C725D /* _3_StackUITestsLaunchTests.swift */; };
/* End PBXBuildFile section */

/* Begin PBXContainerItemProxy section */
		B09D98D528BDB6CB009C725D /* PBXContainerItemProxy */ = {
			isa = PBXContainerItemProxy;
			containerPortal = B09D98BC28BDB6C9009C725D /* Project object */;
			proxyType = 1;
			remoteGlobalIDString = B09D98C328BDB6C9009C725D;
			remoteInfo = 03.Stack;
		};
		B09D98DF28BDB6CB009C725D /* PBXContainerItemProxy */ = {
			isa = PBXContainerItemProxy;
			containerPortal = B09D98BC28BDB6C9009C725D /* Project object */;
			proxyType = 1;
			remoteGlobalIDString = B09D98C328BDB6C9009C725D;
			remoteInfo = 03.Stack;
		};
/* End PBXContainerItemProxy section */

/* Begin PBXFileReference section */
		B09D98C428BDB6C9009C725D /* 03.Stack.app */ = {isa = PBXFileReference; explicitFileType = wrapper.application; includeInIndex = 0; path = 03.Stack.app; sourceTree = BUILT_PRODUCTS_DIR; };
		B09D98C728BDB6C9009C725D /* _3_StackApp.swift */ = {isa = PBXFileReference; lastKnownFileType = sourcecode.swift; path = _3_StackApp.swift; sourceTree = "<group>"; };
		B09D98C928BDB6C9009C725D /* ContentView.swift */ = {isa = PBXFileReference; lastKnownFileType = sourcecode.swift; path = ContentView.swift; sourceTree = "<group>"; };
		B09D98CB28BDB6CB009C725D /* Assets.xcassets */ = {isa = PBXFileReference; lastKnownFileType = folder.assetcatalog; path = Assets.xcassets; sourceTree = "<group>"; };
		B09D98CE28BDB6CB009C725D /* Preview Assets.xcassets */ = {isa = PBXFileReference; lastKnownFileType = folder.assetcatalog; path = "Preview Assets.xcassets"; sourceTree = "<group>"; };
		B09D98D428BDB6CB009C725D /* 03.StackTests.xctest */ = {isa = PBXFileReference; explicitFileType = wrapper.cfbundle; includeInIndex = 0; path = 03.StackTests.xctest; sourceTree = BUILT_PRODUCTS_DIR; };
		B09D98D828BDB6CB009C725D /* _3_StackTests.swift */ = {isa = PBXFileReference; lastKnownFileType = sourcecode.swift; path = _3_StackTests.swift; sourceTree = "<group>"; };
		B09D98DE28BDB6CB009C725D /* 03.StackUITests.xctest */ = {isa = PBXFileReference; explicitFileType = wrapper.cfbundle; includeInIndex = 0; path = 03.StackUITests.xctest; sourceTree = BUILT_PRODUCTS_DIR; };
		B09D98E228BDB6CB009C725D /* _3_StackUITests.swift */ = {isa = PBXFileReference; lastKnownFileType = sourcecode.swift; path = _3_StackUITests.swift; sourceTree = "<group>"; };
		B09D98E428BDB6CB009C725D /* _3_StackUITestsLaunchTests.swift */ = {isa = PBXFileReference; lastKnownFileType = sourcecode.swift; path = _3_StackUITestsLaunchTests.swift; sourceTree = "<group>"; };
/* End PBXFileReference section */

/* Begin PBXFrameworksBuildPhase section */
		B09D98C128BDB6C9009C725D /* Frameworks */ = {
			isa = PBXFrameworksBuildPhase;
			buildActionMask = 2147483647;
			files = (
			);
			runOnlyForDeploymentPostprocessing = 0;
		};
		B09D98D128BDB6CB009C725D /* Frameworks */ = {
			isa = PBXFrameworksBuildPhase;
			buildActionMask = 2147483647;
			files = (
			);
			runOnlyForDeploymentPostprocessing = 0;
		};
		B09D98DB28BDB6CB009C725D /* Frameworks */ = {
			isa = PBXFrameworksBuildPhase;
			buildActionMask = 2147483647;
			files = (
			);
			runOnlyForDeploymentPostprocessing = 0;
		};
/* End PBXFrameworksBuildPhase section */

/* Begin PBXGroup section */
		B09D98BB28BDB6C9009C725D = {
			isa = PBXGroup;
			children = (
				B09D98C628BDB6C9009C725D /* 03.Stack */,
				B09D98D728BDB6CB009C725D /* 03.StackTests */,
				B09D98E128BDB6CB009C725D /* 03.StackUITests */,
				B09D98C528BDB6C9009C725D /* Products */,
			);
			sourceTree = "<group>";
		};
		B09D98C528BDB6C9009C725D /* Products */ = {
			isa = PBXGroup;
			children = (
				B09D98C428BDB6C9009C725D /* 03.Stack.app */,
				B09D98D428BDB6CB009C725D /* 03.StackTests.xctest */,
				B09D98DE28BDB6CB009C725D /* 03.StackUITests.xctest */,
			);
			name = Products;
			sourceTree = "<group>";
		};
		B09D98C628BDB6C9009C725D /* 03.Stack */ = {
			isa = PBXGroup;
			children = (
				B09D98C728BDB6C9009C725D /* _3_StackApp.swift */,
				B09D98C928BDB6C9009C725D /* ContentView.swift */,
				B09D98CB28BDB6CB009C725D /* Assets.xcassets */,
				B09D98CD28BDB6CB009C725D /* Preview Content */,
			);
			path = 03.Stack;
			sourceTree = "<group>";
		};
		B09D98CD28BDB6CB009C725D /* Preview Content */ = {
			isa = PBXGroup;
			children = (
				B09D98CE28BDB6CB009C725D /* Preview Assets.xcassets */,
			);
			path = "Preview Content";
			sourceTree = "<group>";
		};
		B09D98D728BDB6CB009C725D /* 03.StackTests */ = {
			isa = PBXGroup;
			children = (
				B09D98D828BDB6CB009C725D /* _3_StackTests.swift */,
			);
			path = 03.StackTests;
			sourceTree = "<group>";
		};
		B09D98E128BDB6CB009C725D /* 03.StackUITests */ = {
			isa = PBXGroup;
			children = (
				B09D98E228BDB6CB009C725D /* _3_StackUITests.swift */,
				B09D98E428BDB6CB009C725D /* _3_StackUITestsLaunchTests.swift */,
			);
			path = 03.StackUITests;
			sourceTree = "<group>";
		};
/* End PBXGroup section */

/* Begin PBXNativeTarget section */
		B09D98C328BDB6C9009C725D /* 03.Stack */ = {
			isa = PBXNativeTarget;
			buildConfigurationList = B09D98E828BDB6CB009C725D /* Build configuration list for PBXNativeTarget "03.Stack" */;
			buildPhases = (
				B09D98C028BDB6C9009C725D /* Sources */,
				B09D98C128BDB6C9009C725D /* Frameworks */,
				B09D98C228BDB6C9009C725D /* Resources */,
			);
			buildRules = (
			);
			dependencies = (
			);
			name = 03.Stack;
			productName = 03.Stack;
			productReference = B09D98C428BDB6C9009C725D /* 03.Stack.app */;
			productType = "com.apple.product-type.application";
		};
		B09D98D328BDB6CB009C725D /* 03.StackTests */ = {
			isa = PBXNativeTarget;
			buildConfigurationList = B09D98EB28BDB6CB009C725D /* Build configuration list for PBXNativeTarget "03.StackTests" */;
			buildPhases = (
				B09D98D028BDB6CB009C725D /* Sources */,
				B09D98D128BDB6CB009C725D /* Frameworks */,
				B09D98D228BDB6CB009C725D /* Resources */,
			);
			buildRules = (
			);
			dependencies = (
				B09D98D628BDB6CB009C725D /* PBXTargetDependency */,
			);
			name = 03.StackTests;
			productName = 03.StackTests;
			productReference = B09D98D428BDB6CB009C725D /* 03.StackTests.xctest */;
			productType = "com.apple.product-type.bundle.unit-test";
		};
		B09D98DD28BDB6CB009C725D /* 03.StackUITests */ = {
			isa = PBXNativeTarget;
			buildConfigurationList = B09D98EE28BDB6CB009C725D /* Build configuration list for PBXNativeTarget "03.StackUITests" */;
			buildPhases = (
				B09D98DA28BDB6CB009C725D /* Sources */,
				B09D98DB28BDB6CB009C725D /* Frameworks */,
				B09D98DC28BDB6CB009C725D /* Resources */,
			);
			buildRules = (
			);
			dependencies = (
				B09D98E028BDB6CB009C725D /* PBXTargetDependency */,
			);
			name = 03.StackUITests;
			productName = 03.StackUITests;
			productReference = B09D98DE28BDB6CB009C725D /* 03.StackUITests.xctest */;
			productType = "com.apple.product-type.bundle.ui-testing";
		};
/* End PBXNativeTarget section */

/* Begin PBXProject section */
		B09D98BC28BDB6C9009C725D /* Project object */ = {
			isa = PBXProject;
			attributes = {
				BuildIndependentTargetsInParallel = 1;
				LastSwiftUpdateCheck = 1340;
				LastUpgradeCheck = 1340;
				TargetAttributes = {
					B09D98C328BDB6C9009C725D = {
						CreatedOnToolsVersion = 13.4.1;
					};
					B09D98D328BDB6CB009C725D = {
						CreatedOnToolsVersion = 13.4.1;
						TestTargetID = B09D98C328BDB6C9009C725D;
					};
					B09D98DD28BDB6CB009C725D = {
						CreatedOnToolsVersion = 13.4.1;
						TestTargetID = B09D98C328BDB6C9009C725D;
					};
				};
			};
			buildConfigurationList = B09D98BF28BDB6C9009C725D /* Build configuration list for PBXProject "03.Stack" */;
			compatibilityVersion = "Xcode 13.0";
			developmentRegion = en;
			hasScannedForEncodings = 0;
			knownRegions = (
				en,
				Base,
			);
			mainGroup = B09D98BB28BDB6C9009C725D;
			productRefGroup = B09D98C528BDB6C9009C725D /* Products */;
			projectDirPath = "";
			projectRoot = "";
			targets = (
				B09D98C328BDB6C9009C725D /* 03.Stack */,
				B09D98D328BDB6CB009C725D /* 03.StackTests */,
				B09D98DD28BDB6CB009C725D /* 03.StackUITests */,
			);
		};
/* End PBXProject section */

/* Begin PBXResourcesBuildPhase section */
		B09D98C228BDB6C9009C725D /* Resources */ = {
			isa = PBXResourcesBuildPhase;
			buildActionMask = 2147483647;
			files = (
				B09D98CF28BDB6CB009C725D /* Preview Assets.xcassets in Resources */,
				B09D98CC28BDB6CB009C725D /* Assets.xcassets in Resources */,
			);
			runOnlyForDeploymentPostprocessing = 0;
		};
		B09D98D228BDB6CB009C725D /* Resources */ = {
			isa = PBXResourcesBuildPhase;
			buildActionMask = 2147483647;
			files = (
			);
			runOnlyForDeploymentPostprocessing = 0;
		};
		B09D98DC28BDB6CB009C725D /* Resources */ = {
			isa = PBXResourcesBuildPhase;
			buildActionMask = 2147483647;
			files = (
			);
			runOnlyForDeploymentPostprocessing = 0;
		};
/* End PBXResourcesBuildPhase section */

/* Begin PBXSourcesBuildPhase section */
		B09D98C028BDB6C9009C725D /* Sources */ = {
			isa = PBXSourcesBuildPhase;
			buildActionMask = 2147483647;
			files = (
				B09D98CA28BDB6C9009C725D /* ContentView.swift in Sources */,
				B09D98C828BDB6C9009C725D /* _3_StackApp.swift in Sources */,
			);
			runOnlyForDeploymentPostprocessing = 0;
		};
		B09D98D028BDB6CB009C725D /* Sources */ = {
			isa = PBXSourcesBuildPhase;
			buildActionMask = 2147483647;
			files = (
				B09D98D928BDB6CB009C725D /* _3_StackTests.swift in Sources */,
			);
			runOnlyForDeploymentPostprocessing = 0;
		};
		B09D98DA28BDB6CB009C725D /* Sources */ = {
			isa = PBXSourcesBuildPhase;
			buildActionMask = 2147483647;
			files = (
				B09D98E528BDB6CB009C725D /* _3_StackUITestsLaunchTests.swift in Sources */,
				B09D98E328BDB6CB009C725D /* _3_StackUITests.swift in Sources */,
			);
			runOnlyForDeploymentPostprocessing = 0;
		};
/* End PBXSourcesBuildPhase section */

/* Begin PBXTargetDependency section */
		B09D98D628BDB6CB009C725D /* PBXTargetDependency */ = {
			isa = PBXTargetDependency;
			target = B09D98C328BDB6C9009C725D /* 03.Stack */;
			targetProxy = B09D98D528BDB6CB009C725D /* PBXContainerItemProxy */;
		};
		B09D98E028BDB6CB009C725D /* PBXTargetDependency */ = {
			isa = PBXTargetDependency;
			target = B09D98C328BDB6C9009C725D /* 03.Stack */;
			targetProxy = B09D98DF28BDB6CB009C725D /* PBXContainerItemProxy */;
		};
/* End PBXTargetDependency section */

/* Begin XCBuildConfiguration section */
		B09D98E628BDB6CB009C725D /* Debug */ = {
			isa = XCBuildConfiguration;
			buildSettings = {
				ALWAYS_SEARCH_USER_PATHS = NO;
				CLANG_ANALYZER_NONNULL = YES;
				CLANG_ANALYZER_NUMBER_OBJECT_CONVERSION = YES_AGGRESSIVE;
				CLANG_CXX_LANGUAGE_STANDARD = "gnu++17";
				CLANG_ENABLE_MODULES = YES;
				CLANG_ENABLE_OBJC_ARC = YES;
				CLANG_ENABLE_OBJC_WEAK = YES;
				CLANG_WARN_BLOCK_CAPTURE_AUTORELEASING = YES;
				CLANG_WARN_BOOL_CONVERSION = YES;
				CLANG_WARN_COMMA = YES;
				CLANG_WARN_CONSTANT_CONVERSION = YES;
				CLANG_WARN_DEPRECATED_OBJC_IMPLEMENTATIONS = YES;
				CLANG_WARN_DIRECT_OBJC_ISA_USAGE = YES_ERROR;
				CLANG_WARN_DOCUMENTATION_COMMENTS = YES;
				CLANG_WARN_EMPTY_BODY = YES;
				CLANG_WARN_ENUM_CONVERSION = YES;
				CLANG_WARN_INFINITE_RECURSION = YES;
				CLANG_WARN_INT_CONVERSION = YES;
				CLANG_WARN_NON_LITERAL_NULL_CONVERSION = YES;
				CLANG_WARN_OBJC_IMPLICIT_RETAIN_SELF = YES;
				CLANG_WARN_OBJC_LITERAL_CONVERSION = YES;
				CLANG_WARN_OBJC_ROOT_CLASS = YES_ERROR;
				CLANG_WARN_QUOTED_INCLUDE_IN_FRAMEWORK_HEADER = YES;
				CLANG_WARN_RANGE_LOOP_ANALYSIS = YES;
				CLANG_WARN_STRICT_PROTOTYPES = YES;
				CLANG_WARN_SUSPICIOUS_MOVE = YES;
				CLANG_WARN_UNGUARDED_AVAILABILITY = YES_AGGRESSIVE;
				CLANG_WARN_UNREACHABLE_CODE = YES;
				CLANG_WARN__DUPLICATE_METHOD_MATCH = YES;
				COPY_PHASE_STRIP = NO;
				DEBUG_INFORMATION_FORMAT = dwarf;
				ENABLE_STRICT_OBJC_MSGSEND = YES;
				ENABLE_TESTABILITY = YES;
				GCC_C_LANGUAGE_STANDARD = gnu11;
				GCC_DYNAMIC_NO_PIC = NO;
				GCC_NO_COMMON_BLOCKS = YES;
				GCC_OPTIMIZATION_LEVEL = 0;
				GCC_PREPROCESSOR_DEFINITIONS = (
					"DEBUG=1",
					"$(inherited)",
				);
				GCC_WARN_64_TO_32_BIT_CONVERSION = YES;
				GCC_WARN_ABOUT_RETURN_TYPE = YES_ERROR;
				GCC_WARN_UNDECLARED_SELECTOR = YES;
				GCC_WARN_UNINITIALIZED_AUTOS = YES_AGGRESSIVE;
				GCC_WARN_UNUSED_FUNCTION = YES;
				GCC_WARN_UNUSED_VARIABLE = YES;
				IPHONEOS_DEPLOYMENT_TARGET = 15.5;
				MTL_ENABLE_DEBUG_INFO = INCLUDE_SOURCE;
				MTL_FAST_MATH = YES;
				ONLY_ACTIVE_ARCH = YES;
				SDKROOT = iphoneos;
				SWIFT_ACTIVE_COMPILATION_CONDITIONS = DEBUG;
				SWIFT_OPTIMIZATION_LEVEL = "-Onone";
			};
			name = Debug;
		};
		B09D98E728BDB6CB009C725D /* Release */ = {
			isa = XCBuildConfiguration;
			buildSettings = {
				ALWAYS_SEARCH_USER_PATHS = NO;
				CLANG_ANALYZER_NONNULL = YES;
				CLANG_ANALYZER_NUMBER_OBJECT_CONVERSION = YES_AGGRESSIVE;
				CLANG_CXX_LANGUAGE_STANDARD = "gnu++17";
				CLANG_ENABLE_MODULES = YES;
				CLANG_ENABLE_OBJC_ARC = YES;
				CLANG_ENABLE_OBJC_WEAK = YES;
				CLANG_WARN_BLOCK_CAPTURE_AUTORELEASING = YES;
				CLANG_WARN_BOOL_CONVERSION = YES;
				CLANG_WARN_COMMA = YES;
				CLANG_WARN_CONSTANT_CONVERSION = YES;
				CLANG_WARN_DEPRECATED_OBJC_IMPLEMENTATIONS = YES;
				CLANG_WARN_DIRECT_OBJC_ISA_USAGE = YES_ERROR;
				CLANG_WARN_DOCUMENTATION_COMMENTS = YES;
				CLANG_WARN_EMPTY_BODY = YES;
				CLANG_WARN_ENUM_CONVERSION = YES;
				CLANG_WARN_INFINITE_RECURSION = YES;
				CLANG_WARN_INT_CONVERSION = YES;
				CLANG_WARN_NON_LITERAL_NULL_CONVERSION = YES;
				CLANG_WARN_OBJC_IMPLICIT_RETAIN_SELF = YES;
				CLANG_WARN_OBJC_LITERAL_CONVERSION = YES;
				CLANG_WARN_OBJC_ROOT_CLASS = YES_ERROR;
				CLANG_WARN_QUOTED_INCLUDE_IN_FRAMEWORK_HEADER = YES;
				CLANG_WARN_RANGE_LOOP_ANALYSIS = YES;
				CLANG_WARN_STRICT_PROTOTYPES = YES;
				CLANG_WARN_SUSPICIOUS_MOVE = YES;
				CLANG_WARN_UNGUARDED_AVAILABILITY = YES_AGGRESSIVE;
				CLANG_WARN_UNREACHABLE_CODE = YES;
				CLANG_WARN__DUPLICATE_METHOD_MATCH = YES;
				COPY_PHASE_STRIP = NO;
				DEBUG_INFORMATION_FORMAT = "dwarf-with-dsym";
				ENABLE_NS_ASSERTIONS = NO;
				ENABLE_STRICT_OBJC_MSGSEND = YES;
				GCC_C_LANGUAGE_STANDARD = gnu11;
				GCC_NO_COMMON_BLOCKS = YES;
				GCC_WARN_64_TO_32_BIT_CONVERSION = YES;
				GCC_WARN_ABOUT_RETURN_TYPE = YES_ERROR;
				GCC_WARN_UNDECLARED_SELECTOR = YES;
				GCC_WARN_UNINITIALIZED_AUTOS = YES_AGGRESSIVE;
				GCC_WARN_UNUSED_FUNCTION = YES;
				GCC_WARN_UNUSED_VARIABLE = YES;
				IPHONEOS_DEPLOYMENT_TARGET = 15.5;
				MTL_ENABLE_DEBUG_INFO = NO;
				MTL_FAST_MATH = YES;
				SDKROOT = iphoneos;
				SWIFT_COMPILATION_MODE = wholemodule;
				SWIFT_OPTIMIZATION_LEVEL = "-O";
				VALIDATE_PRODUCT = YES;
			};
			name = Release;
		};
		B09D98E928BDB6CB009C725D /* Debug */ = {
			isa = XCBuildConfiguration;
			buildSettings = {
				ASSETCATALOG_COMPILER_APPICON_NAME = AppIcon;
				ASSETCATALOG_COMPILER_GLOBAL_ACCENT_COLOR_NAME = AccentColor;
				CODE_SIGN_STYLE = Automatic;
				CURRENT_PROJECT_VERSION = 1;
				DEVELOPMENT_ASSET_PATHS = "\"03.Stack/Preview Content\"";
				ENABLE_PREVIEWS = YES;
				GENERATE_INFOPLIST_FILE = YES;
				INFOPLIST_KEY_UIApplicationSceneManifest_Generation = YES;
				INFOPLIST_KEY_UIApplicationSupportsIndirectInputEvents = YES;
				INFOPLIST_KEY_UILaunchScreen_Generation = YES;
				INFOPLIST_KEY_UISupportedInterfaceOrientations_iPad = "UIInterfaceOrientationPortrait UIInterfaceOrientationPortraitUpsideDown UIInterfaceOrientationLandscapeLeft UIInterfaceOrientationLandscapeRight";
				INFOPLIST_KEY_UISupportedInterfaceOrientations_iPhone = "UIInterfaceOrientationPortrait UIInterfaceOrientationLandscapeLeft UIInterfaceOrientationLandscapeRight";
				LD_RUNPATH_SEARCH_PATHS = (
					"$(inherited)",
					"@executable_path/Frameworks",
				);
				MARKETING_VERSION = 1.0;
				PRODUCT_BUNDLE_IDENTIFIER = "com.linjunlong.-3-Stack";
				PRODUCT_NAME = "$(TARGET_NAME)";
				SWIFT_EMIT_LOC_STRINGS = YES;
				SWIFT_VERSION = 5.0;
				TARGETED_DEVICE_FAMILY = "1,2";
			};
			name = Debug;
		};
		B09D98EA28BDB6CB009C725D /* Release */ = {
			isa = XCBuildConfiguration;
			buildSettings = {
				ASSETCATALOG_COMPILER_APPICON_NAME = AppIcon;
				ASSETCATALOG_COMPILER_GLOBAL_ACCENT_COLOR_NAME = AccentColor;
				CODE_SIGN_STYLE = Automatic;
				CURRENT_PROJECT_VERSION = 1;
				DEVELOPMENT_ASSET_PATHS = "\"03.Stack/Preview Content\"";
				ENABLE_PREVIEWS = YES;
				GENERATE_INFOPLIST_FILE = YES;
				INFOPLIST_KEY_UIApplicationSceneManifest_Generation = YES;
				INFOPLIST_KEY_UIApplicationSupportsIndirectInputEvents = YES;
				INFOPLIST_KEY_UILaunchScreen_Generation = YES;
				INFOPLIST_KEY_UISupportedInterfaceOrientations_iPad = "UIInterfaceOrientationPortrait UIInterfaceOrientationPortraitUpsideDown UIInterfaceOrientationLandscapeLeft UIInterfaceOrientationLandscapeRight";
				INFOPLIST_KEY_UISupportedInterfaceOrientations_iPhone = "UIInterfaceOrientationPortrait UIInterfaceOrientationLandscapeLeft UIInterfaceOrientationLandscapeRight";
				LD_RUNPATH_SEARCH_PATHS = (
					"$(inherited)",
					"@executable_path/Frameworks",
				);
				MARKETING_VERSION = 1.0;
				PRODUCT_BUNDLE_IDENTIFIER = "com.linjunlong.-3-Stack";
				PRODUCT_NAME = "$(TARGET_NAME)";
				SWIFT_EMIT_LOC_STRINGS = YES;
				SWIFT_VERSION = 5.0;
				TARGETED_DEVICE_FAMILY = "1,2";
			};
			name = Release;
		};
		B09D98EC28BDB6CB009C725D /* Debug */ = {
			isa = XCBuildConfiguration;
			buildSettings = {
				ALWAYS_EMBED_SWIFT_STANDARD_LIBRARIES = YES;
				BUNDLE_LOADER = "$(TEST_HOST)";
				CODE_SIGN_STYLE = Automatic;
				CURRENT_PROJECT_VERSION = 1;
				GENERATE_INFOPLIST_FILE = YES;
				IPHONEOS_DEPLOYMENT_TARGET = 15.5;
				MARKETING_VERSION = 1.0;
				PRODUCT_BUNDLE_IDENTIFIER = "com.linjunlong.-3-StackTests";
				PRODUCT_NAME = "$(TARGET_NAME)";
				SWIFT_EMIT_LOC_STRINGS = NO;
				SWIFT_VERSION = 5.0;
				TARGETED_DEVICE_FAMILY = "1,2";
				TEST_HOST = "$(BUILT_PRODUCTS_DIR)/03.Stack.app/03.Stack";
			};
			name = Debug;
		};
		B09D98ED28BDB6CB009C725D /* Release */ = {
			isa = XCBuildConfiguration;
			buildSettings = {
				ALWAYS_EMBED_SWIFT_STANDARD_LIBRARIES = YES;
				BUNDLE_LOADER = "$(TEST_HOST)";
				CODE_SIGN_STYLE = Automatic;
				CURRENT_PROJECT_VERSION = 1;
				GENERATE_INFOPLIST_FILE = YES;
				IPHONEOS_DEPLOYMENT_TARGET = 15.5;
				MARKETING_VERSION = 1.0;
				PRODUCT_BUNDLE_IDENTIFIER = "com.linjunlong.-3-StackTests";
				PRODUCT_NAME = "$(TARGET_NAME)";
				SWIFT_EMIT_LOC_STRINGS = NO;
				SWIFT_VERSION = 5.0;
				TARGETED_DEVICE_FAMILY = "1,2";
				TEST_HOST = "$(BUILT_PRODUCTS_DIR)/03.Stack.app/03.Stack";
			};
			name = Release;
		};
		B09D98EF28BDB6CB009C725D /* Debug */ = {
			isa = XCBuildConfiguration;
			buildSettings = {
				ALWAYS_EMBED_SWIFT_STANDARD_LIBRARIES = YES;
				CODE_SIGN_STYLE = Automatic;
				CURRENT_PROJECT_VERSION = 1;
				GENERATE_INFOPLIST_FILE = YES;
				MARKETING_VERSION = 1.0;
				PRODUCT_BUNDLE_IDENTIFIER = "com.linjunlong.-3-StackUITests";
				PRODUCT_NAME = "$(TARGET_NAME)";
				SWIFT_EMIT_LOC_STRINGS = NO;
				SWIFT_VERSION = 5.0;
				TARGETED_DEVICE_FAMILY = "1,2";
				TEST_TARGET_NAME = 03.Stack;
			};
			name = Debug;
		};
		B09D98F028BDB6CB009C725D /* Release */ = {
			isa = XCBuildConfiguration;
			buildSettings = {
				ALWAYS_EMBED_SWIFT_STANDARD_LIBRARIES = YES;
				CODE_SIGN_STYLE = Automatic;
				CURRENT_PROJECT_VERSION = 1;
				GENERATE_INFOPLIST_FILE = YES;
				MARKETING_VERSION = 1.0;
				PRODUCT_BUNDLE_IDENTIFIER = "com.linjunlong.-3-StackUITests";
				PRODUCT_NAME = "$(TARGET_NAME)";
				SWIFT_EMIT_LOC_STRINGS = NO;
				SWIFT_VERSION = 5.0;
				TARGETED_DEVICE_FAMILY = "1,2";
				TEST_TARGET_NAME = 03.Stack;
			};
			name = Release;
		};
/* End XCBuildConfiguration section */

/* Begin XCConfigurationList section */
		B09D98BF28BDB6C9009C725D /* Build configuration list for PBXProject "03.Stack" */ = {
			isa = XCConfigurationList;
			buildConfigurations = (
				B09D98E628BDB6CB009C725D /* Debug */,
				B09D98E728BDB6CB009C725D /* Release */,
			);
			defaultConfigurationIsVisible = 0;
			defaultConfigurationName = Release;
		};
		B09D98E828BDB6CB009C725D /* Build configuration list for PBXNativeTarget "03.Stack" */ = {
			isa = XCConfigurationList;
			buildConfigurations = (
				B09D98E928BDB6CB009C725D /* Debug */,
				B09D98EA28BDB6CB009C725D /* Release */,
			);
			defaultConfigurationIsVisible = 0;
			defaultConfigurationName = Release;
		};
		B09D98EB28BDB6CB009C725D /* Build configuration list for PBXNativeTarget "03.StackTests" */ = {
			isa = XCConfigurationList;
			buildConfigurations = (
				B09D98EC28BDB6CB009C725D /* Debug */,
				B09D98ED28BDB6CB009C725D /* Release */,
			);
			defaultConfigurationIsVisible = 0;
			defaultConfigurationName = Release;
		};
		B09D98EE28BDB6CB009C725D /* Build configuration list for PBXNativeTarget "03.StackUITests" */ = {
			isa = XCConfigurationList;
			buildConfigurations = (
				B09D98EF28BDB6CB009C725D /* Debug */,
				B09D98F028BDB6CB009C725D /* Release */,
			);
			defaultConfigurationIsVisible = 0;
			defaultConfigurationName = Release;
		};
/* End XCConfigurationList section */
	};
	rootObject = B09D98BC28BDB6C9009C725D /* Project object */;
}
